
Microsoft Visual Studio Solution File, Format Version 12.00
Project("{FAE04EC0-301F-11D3-BF4B-00C04F79EFBC}") = "Com2usEduProject", "Com2usEduProject\Com2usEduProject.csproj", "{C1A4B02E-D70F-4A53-A853-8610DDFBDBE8}"
EndProject
Global
	GlobalSection(SolutionConfigurationPlatforms) = preSolution
		Debug|Any CPU = Debug|Any CPU
		Release|Any CPU = Release|Any CPU
	EndGlobalSection
	GlobalSection(ProjectConfigurationPlatforms) = postSolution
		{C1A4B02E-D70F-4A53-A853-8610DDFBDBE8}.Debug|Any CPU.ActiveCfg = Debug|Any CPU
		{C1A4B02E-D70F-4A53-A853-8610DDFBDBE8}.Debug|Any CPU.Build.0 = Debug|Any CPU
		{C1A4B02E-D70F-4A53-A853-8610DDFBDBE8}.Release|Any CPU.ActiveCfg = Release|Any CPU
		{C1A4B02E-D70F-4A53-A853-8610DDFBDBE8}.Release|Any CPU.Build.0 = Release|Any CPU
	EndGlobalSection
EndGlobal
